
Microsoft Visual Studio Solution File, Format Version 12.00
# Visual Studio Version 16
VisualStudioVersion = 16.0.33214.272
MinimumVisualStudioVersion = 10.0.40219.1
Project("{FAE04EC0-301F-11D3-BF4B-00C04F79EFBC}") = "PRJ666_G7-Project", "PRJ666_G7-Project\PRJ666_G7-Project.csproj", "{70E7829B-D30D-42F3-9587-E1B2964B69D6}"
EndProject
Global
	GlobalSection(SolutionConfigurationPlatforms) = preSolution
		Debug|Any CPU = Debug|Any CPU
		Release|Any CPU = Release|Any CPU
	EndGlobalSection
	GlobalSection(ProjectConfigurationPlatforms) = postSolution
		{70E7829B-D30D-42F3-9587-E1B2964B69D6}.Debug|Any CPU.ActiveCfg = Debug|Any CPU
		{70E7829B-D30D-42F3-9587-E1B2964B69D6}.Debug|Any CPU.Build.0 = Debug|Any CPU
		{70E7829B-D30D-42F3-9587-E1B2964B69D6}.Release|Any CPU.ActiveCfg = Release|Any CPU
		{70E7829B-D30D-42F3-9587-E1B2964B69D6}.Release|Any CPU.Build.0 = Release|Any CPU
	EndGlobalSection
	GlobalSection(SolutionProperties) = preSolution
		HideSolutionNode = FALSE
	EndGlobalSection
	GlobalSection(ExtensibilityGlobals) = postSolution
		SolutionGuid = {F9B8EAB6-046E-4C4B-B53B-F68DB54643A5}
	EndGlobalSection
EndGlobal
